<?xml version="1.0" encoding="UTF-8"?>
<!DOCTYPE plist PUBLIC "-//Apple//DTD PLIST 1.0//EN" "http://www.apple.com/DTDs/PropertyList-1.0.dtd">
<plist version="1.0">
<dict>
	<key>archiveVersion</key>
	<string>1</string>
	<key>classes</key>
	<dict/>
	<key>objectVersion</key>
	<string>46</string>
	<key>objects</key>
	<dict>
		<key>014DE0CFD80169A0EFCEB645</key>
		<dict>
			<key>children</key>
			<array>
				<string>3A71CF77960678AFBF988D6B</string>
			</array>
			<key>isa</key>
			<string>PBXGroup</string>
			<key>name</key>
			<string>Frameworks</string>
			<key>sourceTree</key>
			<string>&lt;group&gt;</string>
		</dict>
		<key>0420DDE9E2DA70C21D11DF88</key>
		<dict>
			<key>includeInIndex</key>
			<string>1</string>
			<key>isa</key>
			<string>PBXFileReference</string>
			<key>lastKnownFileType</key>
			<string>text.xcconfig</string>
			<key>name</key>
			<string>Pods-NailApp_Refactoring.debug.xcconfig</string>
			<key>path</key>
			<string>Pods/Target Support Files/Pods-NailApp_Refactoring/Pods-NailApp_Refactoring.debug.xcconfig</string>
			<key>sourceTree</key>
			<string>&lt;group&gt;</string>
		</dict>
		<key>3A71CF77960678AFBF988D6B</key>
		<dict>
			<key>explicitFileType</key>
			<string>archive.ar</string>
			<key>includeInIndex</key>
			<string>0</string>
			<key>isa</key>
			<string>PBXFileReference</string>
			<key>path</key>
			<string>libPods-NailApp_Refactoring.a</string>
			<key>sourceTree</key>
			<string>BUILT_PRODUCTS_DIR</string>
		</dict>
		<key>469C26FE40AEE49B0F96B8CA</key>
		<dict>
			<key>buildActionMask</key>
			<string>2147483647</string>
			<key>files</key>
			<array/>
			<key>inputPaths</key>
			<array/>
			<key>isa</key>
			<string>PBXShellScriptBuildPhase</string>
			<key>name</key>
			<string>Copy Pods Resources</string>
			<key>outputPaths</key>
			<array/>
			<key>runOnlyForDeploymentPostprocessing</key>
			<string>0</string>
			<key>shellPath</key>
			<string>/bin/sh</string>
			<key>shellScript</key>
			<string>"${SRCROOT}/Pods/Target Support Files/Pods-NailApp_Refactoring/Pods-NailApp_Refactoring-resources.sh"
</string>
			<key>showEnvVarsInLog</key>
			<string>0</string>
		</dict>
		<key>4ED6C900A146CBA46721D865</key>
		<dict>
			<key>includeInIndex</key>
			<string>1</string>
			<key>isa</key>
			<string>PBXFileReference</string>
			<key>lastKnownFileType</key>
			<string>text.xcconfig</string>
			<key>name</key>
			<string>Pods-NailApp_Refactoring.release.xcconfig</string>
			<key>path</key>
			<string>Pods/Target Support Files/Pods-NailApp_Refactoring/Pods-NailApp_Refactoring.release.xcconfig</string>
			<key>sourceTree</key>
			<string>&lt;group&gt;</string>
		</dict>
		<key>63326810BBA96B9C8008396C</key>
		<dict>
			<key>fileRef</key>
			<string>3A71CF77960678AFBF988D6B</string>
			<key>isa</key>
			<string>PBXBuildFile</string>
		</dict>
		<key>9408CA911CD8F960002DE2E2</key>
		<dict>
			<key>fileEncoding</key>
			<string>4</string>
			<key>isa</key>
			<string>PBXFileReference</string>
			<key>lastKnownFileType</key>
			<string>sourcecode.swift</string>
			<key>path</key>
			<string>CollectionOwnVM.swift</string>
			<key>sourceTree</key>
			<string>&lt;group&gt;</string>
		</dict>
		<key>9408CA921CD8F960002DE2E2</key>
		<dict>
			<key>fileRef</key>
			<string>9408CA911CD8F960002DE2E2</string>
			<key>isa</key>
			<string>PBXBuildFile</string>
		</dict>
		<key>941B76EB1CF024CD004D99DC</key>
		<dict>
			<key>isa</key>
			<string>PBXFileReference</string>
			<key>lastKnownFileType</key>
			<string>image.png</string>
			<key>name</key>
			<string>Clipped.png</string>
			<key>path</key>
			<string>../../Downloads/Clipped.png</string>
			<key>sourceTree</key>
			<string>&lt;group&gt;</string>
		</dict>
		<key>941B76EC1CF024CD004D99DC</key>
		<dict>
			<key>fileRef</key>
			<string>941B76EB1CF024CD004D99DC</string>
			<key>isa</key>
			<string>PBXBuildFile</string>
		</dict>
		<key>941B76ED1CF024E3004D99DC</key>
		<dict>
			<key>isa</key>
			<string>PBXFileReference</string>
			<key>lastKnownFileType</key>
			<string>image.png</string>
			<key>name</key>
			<string>share.png</string>
			<key>path</key>
			<string>../../Downloads/share.png</string>
			<key>sourceTree</key>
			<string>&lt;group&gt;</string>
		</dict>
		<key>941B76EE1CF024E3004D99DC</key>
		<dict>
			<key>isa</key>
			<string>PBXFileReference</string>
			<key>lastKnownFileType</key>
			<string>image.png</string>
			<key>name</key>
			<string>unClipped.png</string>
			<key>path</key>
			<string>../../Downloads/unClipped.png</string>
			<key>sourceTree</key>
			<string>&lt;group&gt;</string>
		</dict>
		<key>941B76EF1CF024E3004D99DC</key>
		<dict>
			<key>fileRef</key>
			<string>941B76ED1CF024E3004D99DC</string>
			<key>isa</key>
			<string>PBXBuildFile</string>
		</dict>
		<key>941B76F01CF024E3004D99DC</key>
		<dict>
			<key>fileRef</key>
			<string>941B76EE1CF024E3004D99DC</string>
			<key>isa</key>
			<string>PBXBuildFile</string>
		</dict>
		<key>9442C96B1CDAAE9200AB8B87</key>
		<dict>
			<key>fileEncoding</key>
			<string>4</string>
			<key>isa</key>
			<string>PBXFileReference</string>
			<key>lastKnownFileType</key>
			<string>sourcecode.swift</string>
			<key>path</key>
			<string>CollectionFavVM.swift</string>
			<key>sourceTree</key>
			<string>&lt;group&gt;</string>
		</dict>
		<key>9442C96C1CDAAE9200AB8B87</key>
		<dict>
			<key>fileRef</key>
			<string>9442C96B1CDAAE9200AB8B87</string>
			<key>isa</key>
			<string>PBXBuildFile</string>
		</dict>
		<key>9452D9691CDEC89400055351</key>
		<dict>
			<key>fileEncoding</key>
			<string>4</string>
			<key>isa</key>
			<string>PBXFileReference</string>
			<key>lastKnownFileType</key>
			<string>sourcecode.swift</string>
			<key>path</key>
			<string>DetailUserHomeTabVC.swift</string>
			<key>sourceTree</key>
			<string>&lt;group&gt;</string>
		</dict>
		<key>9452D96A1CDEC89400055351</key>
		<dict>
			<key>fileRef</key>
			<string>9452D9691CDEC89400055351</string>
			<key>isa</key>
			<string>PBXBuildFile</string>
		</dict>
		<key>9452D9711CDECE7F00055351</key>
		<dict>
			<key>fileEncoding</key>
			<string>4</string>
			<key>isa</key>
			<string>PBXFileReference</string>
			<key>lastKnownFileType</key>
			<string>sourcecode.swift</string>
			<key>path</key>
			<string>DetailUsersProfileVC.swift</string>
			<key>sourceTree</key>
			<string>&lt;group&gt;</string>
		</dict>
		<key>9452D9721CDECE7F00055351</key>
		<dict>
			<key>fileRef</key>
			<string>9452D9711CDECE7F00055351</string>
			<key>isa</key>
			<string>PBXBuildFile</string>
		</dict>
		<key>9461C0C31CE2090000F07837</key>
		<dict>
			<key>fileEncoding</key>
			<string>4</string>
			<key>isa</key>
			<string>PBXFileReference</string>
			<key>lastKnownFileType</key>
			<string>sourcecode.swift</string>
			<key>path</key>
			<string>TestVM.swift</string>
			<key>sourceTree</key>
			<string>&lt;group&gt;</string>
		</dict>
		<key>9461C0C41CE2090000F07837</key>
		<dict>
			<key>fileRef</key>
			<string>9461C0C31CE2090000F07837</string>
			<key>isa</key>
			<string>PBXBuildFile</string>
		</dict>
		<key>946F782E1D0CE8CE00FAD963</key>
		<dict>
			<key>fileEncoding</key>
			<string>4</string>
			<key>isa</key>
			<string>PBXFileReference</string>
			<key>lastKnownFileType</key>
			<string>sourcecode.swift</string>
			<key>path</key>
			<string>DetailView2.swift</string>
			<key>sourceTree</key>
			<string>&lt;group&gt;</string>
		</dict>
		<key>946F782F1D0CE8CE00FAD963</key>
		<dict>
			<key>fileRef</key>
			<string>946F782E1D0CE8CE00FAD963</string>
			<key>isa</key>
			<string>PBXBuildFile</string>
		</dict>
		<key>946F78301D0CE90700FAD963</key>
		<dict>
			<key>fileEncoding</key>
			<string>4</string>
			<key>isa</key>
			<string>PBXFileReference</string>
			<key>lastKnownFileType</key>
			<string>file.xib</string>
			<key>path</key>
			<string>DetailView2.xib</string>
			<key>sourceTree</key>
			<string>&lt;group&gt;</string>
		</dict>
		<key>946F78311D0CE90700FAD963</key>
		<dict>
			<key>fileRef</key>
			<string>946F78301D0CE90700FAD963</string>
			<key>isa</key>
			<string>PBXBuildFile</string>
		</dict>
		<key>946F78321D0CEB5E00FAD963</key>
		<dict>
			<key>fileEncoding</key>
			<string>4</string>
			<key>isa</key>
			<string>PBXFileReference</string>
			<key>lastKnownFileType</key>
			<string>sourcecode.swift</string>
			<key>path</key>
			<string>MyScrollView.swift</string>
			<key>sourceTree</key>
			<string>&lt;group&gt;</string>
		</dict>
		<key>946F78331D0CEB5E00FAD963</key>
		<dict>
			<key>fileRef</key>
			<string>946F78321D0CEB5E00FAD963</string>
			<key>isa</key>
			<string>PBXBuildFile</string>
		</dict>
		<key>947D16B51D04850D00693EBA</key>
		<dict>
			<key>fileEncoding</key>
			<string>4</string>
			<key>isa</key>
			<string>PBXFileReference</string>
			<key>lastKnownFileType</key>
			<string>sourcecode.swift</string>
			<key>path</key>
			<string>MyCollectionViewCell2.swift</string>
			<key>sourceTree</key>
			<string>&lt;group&gt;</string>
		</dict>
		<key>947D16B61D04850D00693EBA</key>
		<dict>
			<key>fileRef</key>
			<string>947D16B51D04850D00693EBA</string>
			<key>isa</key>
			<string>PBXBuildFile</string>
		</dict>
		<key>94B6F34A1CD5CE2F004FC477</key>
		<dict>
			<key>fileEncoding</key>
			<string>4</string>
			<key>isa</key>
			<string>PBXFileReference</string>
			<key>lastKnownFileType</key>
			<string>sourcecode.swift</string>
			<key>path</key>
			<string>DetailView.swift</string>
			<key>sourceTree</key>
			<string>&lt;group&gt;</string>
		</dict>
		<key>94B6F34B1CD5CE2F004FC477</key>
		<dict>
			<key>fileRef</key>
			<string>94B6F34A1CD5CE2F004FC477</string>
			<key>isa</key>
			<string>PBXBuildFile</string>
		</dict>
		<key>94B6F34C1CD5CE3E004FC477</key>
		<dict>
			<key>fileEncoding</key>
			<string>4</string>
			<key>isa</key>
			<string>PBXFileReference</string>
			<key>lastKnownFileType</key>
			<string>file.xib</string>
			<key>path</key>
			<string>DetailView.xib</string>
			<key>sourceTree</key>
			<string>&lt;group&gt;</string>
		</dict>
		<key>94B6F34D1CD5CE3E004FC477</key>
		<dict>
			<key>fileRef</key>
			<string>94B6F34C1CD5CE3E004FC477</string>
			<key>isa</key>
			<string>PBXBuildFile</string>
		</dict>
		<key>94B6F34E1CD60478004FC477</key>
		<dict>
			<key>fileEncoding</key>
			<string>4</string>
			<key>isa</key>
			<string>PBXFileReference</string>
			<key>lastKnownFileType</key>
			<string>sourcecode.swift</string>
			<key>path</key>
			<string>MyCollectionViewCell.swift</string>
			<key>sourceTree</key>
			<string>&lt;group&gt;</string>
		</dict>
		<key>94B6F34F1CD60478004FC477</key>
		<dict>
			<key>fileRef</key>
			<string>94B6F34E1CD60478004FC477</string>
			<key>isa</key>
			<string>PBXBuildFile</string>
		</dict>
		<key>94B6F3501CD60BBF004FC477</key>
		<dict>
			<key>fileEncoding</key>
			<string>4</string>
			<key>isa</key>
			<string>PBXFileReference</string>
			<key>lastKnownFileType</key>
			<string>sourcecode.swift</string>
			<key>path</key>
			<string>PageViewManagerVC.swift</string>
			<key>sourceTree</key>
			<string>&lt;group&gt;</string>
		</dict>
		<key>94B6F3511CD60BBF004FC477</key>
		<dict>
			<key>fileRef</key>
			<string>94B6F3501CD60BBF004FC477</string>
			<key>isa</key>
			<string>PBXBuildFile</string>
		</dict>
		<key>94B6F3521CD61969004FC477</key>
		<dict>
			<key>fileEncoding</key>
			<string>4</string>
			<key>isa</key>
			<string>PBXFileReference</string>
			<key>lastKnownFileType</key>
			<string>sourcecode.swift</string>
			<key>path</key>
			<string>DetailVC.swift</string>
			<key>sourceTree</key>
			<string>&lt;group&gt;</string>
		</dict>
		<key>94B6F3531CD61969004FC477</key>
		<dict>
			<key>fileRef</key>
			<string>94B6F3521CD61969004FC477</string>
			<key>isa</key>
			<string>PBXBuildFile</string>
		</dict>
		<key>94B6F3541CD61BE2004FC477</key>
		<dict>
			<key>fileEncoding</key>
			<string>4</string>
			<key>isa</key>
			<string>PBXFileReference</string>
			<key>lastKnownFileType</key>
			<string>sourcecode.swift</string>
			<key>path</key>
			<string>DetailVM.swift</string>
			<key>sourceTree</key>
			<string>&lt;group&gt;</string>
		</dict>
		<key>94B6F3551CD61BE2004FC477</key>
		<dict>
			<key>fileRef</key>
			<string>94B6F3541CD61BE2004FC477</string>
			<key>isa</key>
			<string>PBXBuildFile</string>
		</dict>
		<key>94B6F3561CD61C27004FC477</key>
		<dict>
			<key>fileEncoding</key>
			<string>4</string>
			<key>isa</key>
			<string>PBXFileReference</string>
			<key>lastKnownFileType</key>
			<string>sourcecode.swift</string>
			<key>path</key>
			<string>PageViewManagerM.swift</string>
			<key>sourceTree</key>
			<string>&lt;group&gt;</string>
		</dict>
		<key>94B6F3571CD61C27004FC477</key>
		<dict>
			<key>fileRef</key>
			<string>94B6F3561CD61C27004FC477</string>
			<key>isa</key>
			<string>PBXBuildFile</string>
		</dict>
		<key>94B6F3581CD62E7F004FC477</key>
		<dict>
			<key>fileEncoding</key>
			<string>4</string>
			<key>isa</key>
			<string>PBXFileReference</string>
			<key>lastKnownFileType</key>
			<string>sourcecode.swift</string>
			<key>path</key>
			<string>CodeDef.swift</string>
			<key>sourceTree</key>
			<string>&lt;group&gt;</string>
		</dict>
		<key>94B6F3591CD62E7F004FC477</key>
		<dict>
			<key>fileRef</key>
			<string>94B6F3581CD62E7F004FC477</string>
			<key>isa</key>
			<string>PBXBuildFile</string>
		</dict>
		<key>94B6F35A1CD63937004FC477</key>
		<dict>
			<key>fileEncoding</key>
			<string>4</string>
			<key>isa</key>
			<string>PBXFileReference</string>
			<key>lastKnownFileType</key>
			<string>sourcecode.swift</string>
			<key>path</key>
			<string>DetailUserVC.swift</string>
			<key>sourceTree</key>
			<string>&lt;group&gt;</string>
		</dict>
		<key>94B6F35B1CD63937004FC477</key>
		<dict>
			<key>fileRef</key>
			<string>94B6F35A1CD63937004FC477</string>
			<key>isa</key>
			<string>PBXBuildFile</string>
		</dict>
		<key>94B6F35C1CD64A37004FC477</key>
		<dict>
			<key>fileEncoding</key>
			<string>4</string>
			<key>isa</key>
			<string>PBXFileReference</string>
			<key>lastKnownFileType</key>
			<string>sourcecode.swift</string>
			<key>path</key>
			<string>CollectionUsersVM.swift</string>
			<key>sourceTree</key>
			<string>&lt;group&gt;</string>
		</dict>
		<key>94B6F35D1CD64A37004FC477</key>
		<dict>
			<key>fileRef</key>
			<string>94B6F35C1CD64A37004FC477</string>
			<key>isa</key>
			<string>PBXBuildFile</string>
		</dict>
		<key>94B6F35E1CD64FBD004FC477</key>
		<dict>
			<key>fileEncoding</key>
			<string>4</string>
			<key>isa</key>
			<string>PBXFileReference</string>
			<key>lastKnownFileType</key>
			<string>file.xib</string>
			<key>path</key>
			<string>DetailUserView.xib</string>
			<key>sourceTree</key>
			<string>&lt;group&gt;</string>
		</dict>
		<key>94B6F35F1CD64FBD004FC477</key>
		<dict>
			<key>fileRef</key>
			<string>94B6F35E1CD64FBD004FC477</string>
			<key>isa</key>
			<string>PBXBuildFile</string>
		</dict>
		<key>94B6F3601CD64FC8004FC477</key>
		<dict>
			<key>fileEncoding</key>
			<string>4</string>
			<key>isa</key>
			<string>PBXFileReference</string>
			<key>lastKnownFileType</key>
			<string>sourcecode.swift</string>
			<key>path</key>
			<string>DetailUserView.swift</string>
			<key>sourceTree</key>
			<string>&lt;group&gt;</string>
		</dict>
		<key>94B6F3611CD64FC8004FC477</key>
		<dict>
			<key>fileRef</key>
			<string>94B6F3601CD64FC8004FC477</string>
			<key>isa</key>
			<string>PBXBuildFile</string>
		</dict>
		<key>94B6F3621CD65346004FC477</key>
		<dict>
			<key>fileEncoding</key>
			<string>4</string>
			<key>isa</key>
			<string>PBXFileReference</string>
			<key>lastKnownFileType</key>
			<string>sourcecode.swift</string>
			<key>path</key>
			<string>DetailUserVM.swift</string>
			<key>sourceTree</key>
			<string>&lt;group&gt;</string>
		</dict>
		<key>94B6F3631CD65346004FC477</key>
		<dict>
			<key>fileRef</key>
			<string>94B6F3621CD65346004FC477</string>
			<key>isa</key>
			<string>PBXBuildFile</string>
		</dict>
		<key>94B6F3641CD6F181004FC477</key>
		<dict>
			<key>fileEncoding</key>
			<string>4</string>
			<key>isa</key>
			<string>PBXFileReference</string>
			<key>lastKnownFileType</key>
			<string>sourcecode.swift</string>
			<key>path</key>
			<string>EditProfileView.swift</string>
			<key>sourceTree</key>
			<string>&lt;group&gt;</string>
		</dict>
		<key>94B6F3651CD6F181004FC477</key>
		<dict>
			<key>fileRef</key>
			<string>94B6F3641CD6F181004FC477</string>
			<key>isa</key>
			<string>PBXBuildFile</string>
		</dict>
		<key>94B6F3661CD6F18C004FC477</key>
		<dict>
			<key>fileEncoding</key>
			<string>4</string>
			<key>isa</key>
			<string>PBXFileReference</string>
			<key>lastKnownFileType</key>
			<string>file.xib</string>
			<key>path</key>
			<string>EditProfileView.xib</string>
			<key>sourceTree</key>
			<string>&lt;group&gt;</string>
		</dict>
		<key>94B6F3671CD6F18C004FC477</key>
		<dict>
			<key>fileRef</key>
			<string>94B6F3661CD6F18C004FC477</string>
			<key>isa</key>
			<string>PBXBuildFile</string>
		</dict>
		<key>94B6F3681CD6F23B004FC477</key>
		<dict>
			<key>fileEncoding</key>
			<string>4</string>
			<key>isa</key>
			<string>PBXFileReference</string>
			<key>lastKnownFileType</key>
			<string>sourcecode.swift</string>
			<key>path</key>
			<string>EditProfileVC.swift</string>
			<key>sourceTree</key>
			<string>&lt;group&gt;</string>
		</dict>
		<key>94B6F3691CD6F23B004FC477</key>
		<dict>
			<key>fileRef</key>
			<string>94B6F3681CD6F23B004FC477</string>
			<key>isa</key>
			<string>PBXBuildFile</string>
		</dict>
		<key>94B6F36A1CD6F67A004FC477</key>
		<dict>
			<key>fileEncoding</key>
			<string>4</string>
			<key>isa</key>
			<string>PBXFileReference</string>
			<key>lastKnownFileType</key>
			<string>sourcecode.swift</string>
			<key>path</key>
			<string>SettingVC.swift</string>
			<key>sourceTree</key>
			<string>&lt;group&gt;</string>
		</dict>
		<key>94B6F36B1CD6F67A004FC477</key>
		<dict>
			<key>fileRef</key>
			<string>94B6F36A1CD6F67A004FC477</string>
			<key>isa</key>
			<string>PBXBuildFile</string>
		</dict>
		<key>94B6F36C1CD6F68C004FC477</key>
		<dict>
			<key>fileEncoding</key>
			<string>4</string>
			<key>isa</key>
			<string>PBXFileReference</string>
			<key>lastKnownFileType</key>
			<string>sourcecode.swift</string>
			<key>path</key>
			<string>SettingVM.swift</string>
			<key>sourceTree</key>
			<string>&lt;group&gt;</string>
		</dict>
		<key>94B6F36D1CD6F68C004FC477</key>
		<dict>
			<key>fileRef</key>
			<string>94B6F36C1CD6F68C004FC477</string>
			<key>isa</key>
			<string>PBXBuildFile</string>
		</dict>
		<key>94B6F36E1CD6FA00004FC477</key>
		<dict>
			<key>fileEncoding</key>
			<string>4</string>
			<key>isa</key>
			<string>PBXFileReference</string>
			<key>lastKnownFileType</key>
			<string>sourcecode.swift</string>
			<key>path</key>
			<string>SettingView.swift</string>
			<key>sourceTree</key>
			<string>&lt;group&gt;</string>
		</dict>
		<key>94B6F36F1CD6FA00004FC477</key>
		<dict>
			<key>fileRef</key>
			<string>94B6F36E1CD6FA00004FC477</string>
			<key>isa</key>
			<string>PBXBuildFile</string>
		</dict>
		<key>94B6F3701CD6FA0C004FC477</key>
		<dict>
			<key>fileEncoding</key>
			<string>4</string>
			<key>isa</key>
			<string>PBXFileReference</string>
			<key>lastKnownFileType</key>
			<string>file.xib</string>
			<key>path</key>
			<string>SettingView.xib</string>
			<key>sourceTree</key>
			<string>&lt;group&gt;</string>
		</dict>
		<key>94B6F3711CD6FA0C004FC477</key>
		<dict>
			<key>fileRef</key>
			<string>94B6F3701CD6FA0C004FC477</string>
			<key>isa</key>
			<string>PBXBuildFile</string>
		</dict>
		<key>94B6F3721CD729E5004FC477</key>
		<dict>
			<key>fileEncoding</key>
			<string>4</string>
			<key>isa</key>
			<string>PBXFileReference</string>
			<key>lastKnownFileType</key>
			<string>sourcecode.swift</string>
			<key>path</key>
			<string>LoginVC.swift</string>
			<key>sourceTree</key>
			<string>&lt;group&gt;</string>
		</dict>
		<key>94B6F3741CD729E5004FC477</key>
		<dict>
			<key>fileRef</key>
			<string>94B6F3721CD729E5004FC477</string>
			<key>isa</key>
			<string>PBXBuildFile</string>
		</dict>
		<key>94B6F3761CD72A09004FC477</key>
		<dict>
			<key>fileEncoding</key>
			<string>4</string>
			<key>isa</key>
			<string>PBXFileReference</string>
			<key>lastKnownFileType</key>
			<string>file.xib</string>
			<key>path</key>
			<string>LoginView.xib</string>
			<key>sourceTree</key>
			<string>&lt;group&gt;</string>
		</dict>
		<key>94B6F3771CD72A09004FC477</key>
		<dict>
			<key>fileRef</key>
			<string>94B6F3761CD72A09004FC477</string>
			<key>isa</key>
			<string>PBXBuildFile</string>
		</dict>
		<key>94B6F3781CD72A1B004FC477</key>
		<dict>
			<key>fileEncoding</key>
			<string>4</string>
			<key>isa</key>
			<string>PBXFileReference</string>
			<key>lastKnownFileType</key>
			<string>sourcecode.swift</string>
			<key>path</key>
			<string>LoginView.swift</string>
			<key>sourceTree</key>
			<string>&lt;group&gt;</string>
		</dict>
		<key>94B6F3791CD72A1B004FC477</key>
		<dict>
			<key>fileRef</key>
			<string>94B6F3781CD72A1B004FC477</string>
			<key>isa</key>
			<string>PBXBuildFile</string>
		</dict>
		<key>94B6F37A1CD7325B004FC477</key>
		<dict>
			<key>fileEncoding</key>
			<string>4</string>
			<key>isa</key>
			<string>PBXFileReference</string>
			<key>lastKnownFileType</key>
			<string>sourcecode.swift</string>
			<key>path</key>
			<string>LoginVM.swift</string>
			<key>sourceTree</key>
			<string>&lt;group&gt;</string>
		</dict>
		<key>94B6F37B1CD7325B004FC477</key>
		<dict>
			<key>fileRef</key>
			<string>94B6F37A1CD7325B004FC477</string>
			<key>isa</key>
			<string>PBXBuildFile</string>
		</dict>
		<key>94D809861CD4519B0068A98B</key>
		<dict>
			<key>children</key>
			<array>
				<string>941B76ED1CF024E3004D99DC</string>
				<string>941B76EE1CF024E3004D99DC</string>
				<string>941B76EB1CF024CD004D99DC</string>
				<string>94D809911CD4519B0068A98B</string>
				<string>94D809901CD4519B0068A98B</string>
				<string>F10A37B4CC7062F799DF9FE5</string>
				<string>014DE0CFD80169A0EFCEB645</string>
			</array>
			<key>isa</key>
			<string>PBXGroup</string>
			<key>sourceTree</key>
			<string>&lt;group&gt;</string>
		</dict>
		<key>94D809871CD4519B0068A98B</key>
		<dict>
			<key>attributes</key>
			<dict>
				<key>LastSwiftUpdateCheck</key>
				<string>0730</string>
				<key>LastUpgradeCheck</key>
				<string>0730</string>
				<key>ORGANIZATIONNAME</key>
				<string>DaichiSaito</string>
				<key>TargetAttributes</key>
				<dict>
					<key>94D8098E1CD4519B0068A98B</key>
					<dict>
						<key>CreatedOnToolsVersion</key>
						<string>7.3</string>
					</dict>
				</dict>
			</dict>
			<key>buildConfigurationList</key>
			<string>94D8098A1CD4519B0068A98B</string>
			<key>compatibilityVersion</key>
			<string>Xcode 3.2</string>
			<key>developmentRegion</key>
			<string>English</string>
			<key>hasScannedForEncodings</key>
			<string>0</string>
			<key>isa</key>
			<string>PBXProject</string>
			<key>knownRegions</key>
			<array>
				<string>en</string>
				<string>Base</string>
			</array>
			<key>mainGroup</key>
			<string>94D809861CD4519B0068A98B</string>
			<key>productRefGroup</key>
			<string>94D809901CD4519B0068A98B</string>
			<key>projectDirPath</key>
			<string></string>
			<key>projectReferences</key>
			<array/>
			<key>projectRoot</key>
			<string></string>
			<key>targets</key>
			<array>
				<string>94D8098E1CD4519B0068A98B</string>
			</array>
		</dict>
		<key>94D8098A1CD4519B0068A98B</key>
		<dict>
			<key>buildConfigurations</key>
			<array>
				<string>94D8099F1CD4519B0068A98B</string>
				<string>94D809A01CD4519B0068A98B</string>
			</array>
			<key>defaultConfigurationIsVisible</key>
			<string>0</string>
			<key>defaultConfigurationName</key>
			<string>Release</string>
			<key>isa</key>
			<string>XCConfigurationList</string>
		</dict>
		<key>94D8098B1CD4519B0068A98B</key>
		<dict>
			<key>buildActionMask</key>
			<string>2147483647</string>
			<key>files</key>
			<array>
				<string>9461C0C41CE2090000F07837</string>
				<string>94B6F3741CD729E5004FC477</string>
				<string>94D809B11CD459AE0068A98B</string>
				<string>94B6F36B1CD6F67A004FC477</string>
				<string>9452D96A1CDEC89400055351</string>
				<string>94F0730D1CD9DF0900E0B7C8</string>
				<string>94EE27851CF16F6200FC499B</string>
				<string>94F0730B1CD9D21E00E0B7C8</string>
				<string>94B6F3571CD61C27004FC477</string>
				<string>94D809D11CD4B2160068A98B</string>
				<string>94B6F34F1CD60478004FC477</string>
				<string>94B6F3591CD62E7F004FC477</string>
				<string>946F782F1D0CE8CE00FAD963</string>
				<string>94D809B91CD45E2C0068A98B</string>
				<string>94D809CD1CD4AFAB0068A98B</string>
				<string>94B6F3551CD61BE2004FC477</string>
				<string>94B6F3631CD65346004FC477</string>
				<string>94B6F3531CD61969004FC477</string>
				<string>94D809CF1CD4AFC30068A98B</string>
				<string>94D809C61CD479810068A98B</string>
				<string>9442C96C1CDAAE9200AB8B87</string>
				<string>94D809951CD4519B0068A98B</string>
				<string>94B6F3611CD64FC8004FC477</string>
				<string>94B6F3511CD60BBF004FC477</string>
				<string>946F78331D0CEB5E00FAD963</string>
				<string>94D809BF1CD4690C0068A98B</string>
				<string>94D809C31CD478840068A98B</string>
				<string>94D809931CD4519B0068A98B</string>
				<string>94D809D41CD4B5000068A98B</string>
				<string>94D809BD1CD463AD0068A98B</string>
				<string>94B6F36F1CD6FA00004FC477</string>
				<string>94B6F37B1CD7325B004FC477</string>
				<string>94D809B71CD45D450068A98B</string>
				<string>94B6F36D1CD6F68C004FC477</string>
				<string>94EE27891CF4981A00FC499B</string>
				<string>9452D9721CDECE7F00055351</string>
				<string>94B6F34B1CD5CE2F004FC477</string>
				<string>947D16B61D04850D00693EBA</string>
				<string>94F0730F1CD9E03400E0B7C8</string>
				<string>94B6F3691CD6F23B004FC477</string>
				<string>94EE27871CF1EBB800FC499B</string>
				<string>94B6F35B1CD63937004FC477</string>
				<string>94D809CB1CD4AF990068A98B</string>
				<string>94B6F3651CD6F181004FC477</string>
				<string>94B6F3791CD72A1B004FC477</string>
				<string>94B6F35D1CD64A37004FC477</string>
				<string>9408CA921CD8F960002DE2E2</string>
			</array>
			<key>isa</key>
			<string>PBXSourcesBuildPhase</string>
			<key>runOnlyForDeploymentPostprocessing</key>
			<string>0</string>
		</dict>
		<key>94D8098C1CD4519B0068A98B</key>
		<dict>
			<key>buildActionMask</key>
			<string>2147483647</string>
			<key>files</key>
			<array>
				<string>63326810BBA96B9C8008396C</string>
			</array>
			<key>isa</key>
			<string>PBXFrameworksBuildPhase</string>
			<key>runOnlyForDeploymentPostprocessing</key>
			<string>0</string>
		</dict>
		<key>94D8098D1CD4519B0068A98B</key>
		<dict>
			<key>buildActionMask</key>
			<string>2147483647</string>
			<key>files</key>
			<array>
				<string>94B6F3711CD6FA0C004FC477</string>
				<string>941B76F01CF024E3004D99DC</string>
				<string>94D8099D1CD4519B0068A98B</string>
				<string>94B6F3771CD72A09004FC477</string>
				<string>94D809C11CD469210068A98B</string>
				<string>94B6F3671CD6F18C004FC477</string>
				<string>94B6F35F1CD64FBD004FC477</string>
				<string>94D809C91CD488860068A98B</string>
				<string>94D809C71CD479810068A98B</string>
				<string>94D8099A1CD4519B0068A98B</string>
				<string>94B6F34D1CD5CE3E004FC477</string>
				<string>94F073131CD9FDC400E0B7C8</string>
				<string>94F073111CD9FD4200E0B7C8</string>
				<string>941B76EC1CF024CD004D99DC</string>
				<string>94D809B31CD459C70068A98B</string>
				<string>94D809981CD4519B0068A98B</string>
				<string>946F78311D0CE90700FAD963</string>
				<string>941B76EF1CF024E3004D99DC</string>
			</array>
			<key>isa</key>
			<string>PBXResourcesBuildPhase</string>
			<key>runOnlyForDeploymentPostprocessing</key>
			<string>0</string>
		</dict>
		<key>94D8098E1CD4519B0068A98B</key>
		<dict>
			<key>buildConfigurationList</key>
			<string>94D809A11CD4519B0068A98B</string>
			<key>buildPhases</key>
			<array>
				<string>EF7E8A6D03F4C2BB45CAD97C</string>
				<string>94D8098B1CD4519B0068A98B</string>
				<string>94D8098C1CD4519B0068A98B</string>
				<string>94D8098D1CD4519B0068A98B</string>
				<string>DF114FDB420E8A1FC8C1857A</string>
				<string>469C26FE40AEE49B0F96B8CA</string>
			</array>
			<key>buildRules</key>
			<array/>
			<key>dependencies</key>
			<array/>
			<key>isa</key>
			<string>PBXNativeTarget</string>
			<key>name</key>
			<string>NailApp_Refactoring</string>
			<key>productName</key>
			<string>NailApp_Refactoring</string>
			<key>productReference</key>
			<string>94D8098F1CD4519B0068A98B</string>
			<key>productType</key>
			<string>com.apple.product-type.application</string>
		</dict>
		<key>94D8098F1CD4519B0068A98B</key>
		<dict>
			<key>explicitFileType</key>
			<string>wrapper.application</string>
			<key>includeInIndex</key>
			<string>0</string>
			<key>isa</key>
			<string>PBXFileReference</string>
			<key>path</key>
			<string>NailApp_Refactoring.app</string>
			<key>sourceTree</key>
			<string>BUILT_PRODUCTS_DIR</string>
		</dict>
		<key>94D809901CD4519B0068A98B</key>
		<dict>
			<key>children</key>
			<array>
				<string>94D8098F1CD4519B0068A98B</string>
			</array>
			<key>isa</key>
			<string>PBXGroup</string>
			<key>name</key>
			<string>Products</string>
			<key>sourceTree</key>
			<string>&lt;group&gt;</string>
		</dict>
		<key>94D809911CD4519B0068A98B</key>
		<dict>
			<key>children</key>
			<array>
				<string>94D809A91CD455150068A98B</string>
				<string>94D809A81CD455050068A98B</string>
				<string>94D809941CD4519B0068A98B</string>
				<string>94D809961CD4519B0068A98B</string>
				<string>94D809991CD4519B0068A98B</string>
				<string>94D8099B1CD4519B0068A98B</string>
				<string>94D8099E1CD4519B0068A98B</string>
				<string>94D809A41CD452DB0068A98B</string>
			</array>
			<key>isa</key>
			<string>PBXGroup</string>
			<key>path</key>
			<string>NailApp_Refactoring</string>
			<key>sourceTree</key>
			<string>&lt;group&gt;</string>
		</dict>
		<key>94D809921CD4519B0068A98B</key>
		<dict>
			<key>isa</key>
			<string>PBXFileReference</string>
			<key>lastKnownFileType</key>
			<string>sourcecode.swift</string>
			<key>path</key>
			<string>AppDelegate.swift</string>
			<key>sourceTree</key>
			<string>&lt;group&gt;</string>
		</dict>
		<key>94D809931CD4519B0068A98B</key>
		<dict>
			<key>fileRef</key>
			<string>94D809921CD4519B0068A98B</string>
			<key>isa</key>
			<string>PBXBuildFile</string>
		</dict>
		<key>94D809941CD4519B0068A98B</key>
		<dict>
			<key>isa</key>
			<string>PBXFileReference</string>
			<key>lastKnownFileType</key>
			<string>sourcecode.swift</string>
			<key>path</key>
			<string>ViewController.swift</string>
			<key>sourceTree</key>
			<string>&lt;group&gt;</string>
		</dict>
		<key>94D809951CD4519B0068A98B</key>
		<dict>
			<key>fileRef</key>
			<string>94D809941CD4519B0068A98B</string>
			<key>isa</key>
			<string>PBXBuildFile</string>
		</dict>
		<key>94D809961CD4519B0068A98B</key>
		<dict>
			<key>children</key>
			<array>
				<string>94D809971CD4519B0068A98B</string>
			</array>
			<key>isa</key>
			<string>PBXVariantGroup</string>
			<key>name</key>
			<string>Main.storyboard</string>
			<key>sourceTree</key>
			<string>&lt;group&gt;</string>
		</dict>
		<key>94D809971CD4519B0068A98B</key>
		<dict>
			<key>isa</key>
			<string>PBXFileReference</string>
			<key>lastKnownFileType</key>
			<string>file.storyboard</string>
			<key>name</key>
			<string>Base</string>
			<key>path</key>
			<string>Base.lproj/Main.storyboard</string>
			<key>sourceTree</key>
			<string>&lt;group&gt;</string>
		</dict>
		<key>94D809981CD4519B0068A98B</key>
		<dict>
			<key>fileRef</key>
			<string>94D809961CD4519B0068A98B</string>
			<key>isa</key>
			<string>PBXBuildFile</string>
		</dict>
		<key>94D809991CD4519B0068A98B</key>
		<dict>
			<key>isa</key>
			<string>PBXFileReference</string>
			<key>lastKnownFileType</key>
			<string>folder.assetcatalog</string>
			<key>path</key>
			<string>Assets.xcassets</string>
			<key>sourceTree</key>
			<string>&lt;group&gt;</string>
		</dict>
		<key>94D8099A1CD4519B0068A98B</key>
		<dict>
			<key>fileRef</key>
			<string>94D809991CD4519B0068A98B</string>
			<key>isa</key>
			<string>PBXBuildFile</string>
		</dict>
		<key>94D8099B1CD4519B0068A98B</key>
		<dict>
			<key>children</key>
			<array>
				<string>94D8099C1CD4519B0068A98B</string>
			</array>
			<key>isa</key>
			<string>PBXVariantGroup</string>
			<key>name</key>
			<string>LaunchScreen.storyboard</string>
			<key>sourceTree</key>
			<string>&lt;group&gt;</string>
		</dict>
		<key>94D8099C1CD4519B0068A98B</key>
		<dict>
			<key>isa</key>
			<string>PBXFileReference</string>
			<key>lastKnownFileType</key>
			<string>file.storyboard</string>
			<key>name</key>
			<string>Base</string>
			<key>path</key>
			<string>Base.lproj/LaunchScreen.storyboard</string>
			<key>sourceTree</key>
			<string>&lt;group&gt;</string>
		</dict>
		<key>94D8099D1CD4519B0068A98B</key>
		<dict>
			<key>fileRef</key>
			<string>94D8099B1CD4519B0068A98B</string>
			<key>isa</key>
			<string>PBXBuildFile</string>
		</dict>
		<key>94D8099E1CD4519B0068A98B</key>
		<dict>
			<key>isa</key>
			<string>PBXFileReference</string>
			<key>lastKnownFileType</key>
			<string>text.plist.xml</string>
			<key>path</key>
			<string>Info.plist</string>
			<key>sourceTree</key>
			<string>&lt;group&gt;</string>
		</dict>
		<key>94D8099F1CD4519B0068A98B</key>
		<dict>
			<key>buildSettings</key>
			<dict>
				<key>ALWAYS_SEARCH_USER_PATHS</key>
				<string>NO</string>
				<key>CLANG_ANALYZER_NONNULL</key>
				<string>YES</string>
				<key>CLANG_CXX_LANGUAGE_STANDARD</key>
				<string>gnu++0x</string>
				<key>CLANG_CXX_LIBRARY</key>
				<string>libc++</string>
				<key>CLANG_ENABLE_MODULES</key>
				<string>YES</string>
				<key>CLANG_ENABLE_OBJC_ARC</key>
				<string>YES</string>
				<key>CLANG_WARN_BOOL_CONVERSION</key>
				<string>YES</string>
				<key>CLANG_WARN_CONSTANT_CONVERSION</key>
				<string>YES</string>
				<key>CLANG_WARN_DIRECT_OBJC_ISA_USAGE</key>
				<string>YES_ERROR</string>
				<key>CLANG_WARN_EMPTY_BODY</key>
				<string>YES</string>
				<key>CLANG_WARN_ENUM_CONVERSION</key>
				<string>YES</string>
				<key>CLANG_WARN_INT_CONVERSION</key>
				<string>YES</string>
				<key>CLANG_WARN_OBJC_ROOT_CLASS</key>
				<string>YES_ERROR</string>
				<key>CLANG_WARN_UNREACHABLE_CODE</key>
				<string>YES</string>
				<key>CLANG_WARN__DUPLICATE_METHOD_MATCH</key>
				<string>YES</string>
				<key>CODE_SIGN_IDENTITY[sdk=iphoneos*]</key>
				<string>iPhone Developer</string>
				<key>COPY_PHASE_STRIP</key>
				<string>NO</string>
				<key>DEBUG_INFORMATION_FORMAT</key>
				<string>dwarf</string>
				<key>ENABLE_STRICT_OBJC_MSGSEND</key>
				<string>YES</string>
				<key>ENABLE_TESTABILITY</key>
				<string>YES</string>
				<key>GCC_C_LANGUAGE_STANDARD</key>
				<string>gnu99</string>
				<key>GCC_DYNAMIC_NO_PIC</key>
				<string>NO</string>
				<key>GCC_NO_COMMON_BLOCKS</key>
				<string>YES</string>
				<key>GCC_OPTIMIZATION_LEVEL</key>
				<string>0</string>
				<key>GCC_PREPROCESSOR_DEFINITIONS</key>
				<array>
					<string>DEBUG=1</string>
					<string>$(inherited)</string>
				</array>
				<key>GCC_WARN_64_TO_32_BIT_CONVERSION</key>
				<string>YES</string>
				<key>GCC_WARN_ABOUT_RETURN_TYPE</key>
				<string>YES_ERROR</string>
				<key>GCC_WARN_UNDECLARED_SELECTOR</key>
				<string>YES</string>
				<key>GCC_WARN_UNINITIALIZED_AUTOS</key>
				<string>YES_AGGRESSIVE</string>
				<key>GCC_WARN_UNUSED_FUNCTION</key>
				<string>YES</string>
				<key>GCC_WARN_UNUSED_VARIABLE</key>
				<string>YES</string>
				<key>IPHONEOS_DEPLOYMENT_TARGET</key>
				<string>9.3</string>
				<key>MTL_ENABLE_DEBUG_INFO</key>
				<string>YES</string>
				<key>ONLY_ACTIVE_ARCH</key>
				<string>YES</string>
				<key>SDKROOT</key>
				<string>iphoneos</string>
				<key>SWIFT_OPTIMIZATION_LEVEL</key>
				<string>-Onone</string>
			</dict>
			<key>isa</key>
			<string>XCBuildConfiguration</string>
			<key>name</key>
			<string>Debug</string>
		</dict>
		<key>94D809A01CD4519B0068A98B</key>
		<dict>
			<key>buildSettings</key>
			<dict>
				<key>ALWAYS_SEARCH_USER_PATHS</key>
				<string>NO</string>
				<key>CLANG_ANALYZER_NONNULL</key>
				<string>YES</string>
				<key>CLANG_CXX_LANGUAGE_STANDARD</key>
				<string>gnu++0x</string>
				<key>CLANG_CXX_LIBRARY</key>
				<string>libc++</string>
				<key>CLANG_ENABLE_MODULES</key>
				<string>YES</string>
				<key>CLANG_ENABLE_OBJC_ARC</key>
				<string>YES</string>
				<key>CLANG_WARN_BOOL_CONVERSION</key>
				<string>YES</string>
				<key>CLANG_WARN_CONSTANT_CONVERSION</key>
				<string>YES</string>
				<key>CLANG_WARN_DIRECT_OBJC_ISA_USAGE</key>
				<string>YES_ERROR</string>
				<key>CLANG_WARN_EMPTY_BODY</key>
				<string>YES</string>
				<key>CLANG_WARN_ENUM_CONVERSION</key>
				<string>YES</string>
				<key>CLANG_WARN_INT_CONVERSION</key>
				<string>YES</string>
				<key>CLANG_WARN_OBJC_ROOT_CLASS</key>
				<string>YES_ERROR</string>
				<key>CLANG_WARN_UNREACHABLE_CODE</key>
				<string>YES</string>
				<key>CLANG_WARN__DUPLICATE_METHOD_MATCH</key>
				<string>YES</string>
				<key>CODE_SIGN_IDENTITY[sdk=iphoneos*]</key>
				<string>iPhone Developer</string>
				<key>COPY_PHASE_STRIP</key>
				<string>NO</string>
				<key>DEBUG_INFORMATION_FORMAT</key>
				<string>dwarf-with-dsym</string>
				<key>ENABLE_NS_ASSERTIONS</key>
				<string>NO</string>
				<key>ENABLE_STRICT_OBJC_MSGSEND</key>
				<string>YES</string>
				<key>GCC_C_LANGUAGE_STANDARD</key>
				<string>gnu99</string>
				<key>GCC_NO_COMMON_BLOCKS</key>
				<string>YES</string>
				<key>GCC_WARN_64_TO_32_BIT_CONVERSION</key>
				<string>YES</string>
				<key>GCC_WARN_ABOUT_RETURN_TYPE</key>
				<string>YES_ERROR</string>
				<key>GCC_WARN_UNDECLARED_SELECTOR</key>
				<string>YES</string>
				<key>GCC_WARN_UNINITIALIZED_AUTOS</key>
				<string>YES_AGGRESSIVE</string>
				<key>GCC_WARN_UNUSED_FUNCTION</key>
				<string>YES</string>
				<key>GCC_WARN_UNUSED_VARIABLE</key>
				<string>YES</string>
				<key>IPHONEOS_DEPLOYMENT_TARGET</key>
				<string>9.3</string>
				<key>MTL_ENABLE_DEBUG_INFO</key>
				<string>NO</string>
				<key>SDKROOT</key>
				<string>iphoneos</string>
				<key>VALIDATE_PRODUCT</key>
				<string>YES</string>
			</dict>
			<key>isa</key>
			<string>XCBuildConfiguration</string>
			<key>name</key>
			<string>Release</string>
		</dict>
		<key>94D809A11CD4519B0068A98B</key>
		<dict>
			<key>buildConfigurations</key>
			<array>
				<string>94D809A21CD4519B0068A98B</string>
				<string>94D809A31CD4519B0068A98B</string>
			</array>
			<key>defaultConfigurationIsVisible</key>
			<string>0</string>
			<key>defaultConfigurationName</key>
			<string>Release</string>
			<key>isa</key>
			<string>XCConfigurationList</string>
		</dict>
		<key>94D809A21CD4519B0068A98B</key>
		<dict>
			<key>baseConfigurationReference</key>
			<string>0420DDE9E2DA70C21D11DF88</string>
			<key>buildSettings</key>
			<dict>
				<key>ASSETCATALOG_COMPILER_APPICON_NAME</key>
				<string>AppIcon</string>
				<key>INFOPLIST_FILE</key>
				<string>NailApp_Refactoring/Info.plist</string>
				<key>LD_RUNPATH_SEARCH_PATHS</key>
				<string>$(inherited) @executable_path/Frameworks</string>
				<key>PRODUCT_BUNDLE_IDENTIFIER</key>
				<string>com.oshige.NailApp-Refactoring</string>
				<key>PRODUCT_NAME</key>
				<string>$(TARGET_NAME)</string>
				<key>SWIFT_OBJC_BRIDGING_HEADER</key>
				<string>$(SRCROOT)/$(PROJECT)/NailApp_Refactoring-Bridging-Header.h</string>
			</dict>
			<key>isa</key>
			<string>XCBuildConfiguration</string>
			<key>name</key>
			<string>Debug</string>
		</dict>
		<key>94D809A31CD4519B0068A98B</key>
		<dict>
			<key>baseConfigurationReference</key>
			<string>4ED6C900A146CBA46721D865</string>
			<key>buildSettings</key>
			<dict>
				<key>ASSETCATALOG_COMPILER_APPICON_NAME</key>
				<string>AppIcon</string>
				<key>INFOPLIST_FILE</key>
				<string>NailApp_Refactoring/Info.plist</string>
				<key>LD_RUNPATH_SEARCH_PATHS</key>
				<string>$(inherited) @executable_path/Frameworks</string>
				<key>PRODUCT_BUNDLE_IDENTIFIER</key>
				<string>com.oshige.NailApp-Refactoring</string>
				<key>PRODUCT_NAME</key>
				<string>$(TARGET_NAME)</string>
				<key>SWIFT_OBJC_BRIDGING_HEADER</key>
				<string>$(SRCROOT)/$(PROJECT)/NailApp_Refactoring-Bridging-Header.h</string>
			</dict>
			<key>isa</key>
			<string>XCBuildConfiguration</string>
			<key>name</key>
			<string>Release</string>
		</dict>
		<key>94D809A41CD452DB0068A98B</key>
		<dict>
			<key>isa</key>
			<string>PBXFileReference</string>
			<key>lastKnownFileType</key>
			<string>sourcecode.c.h</string>
			<key>path</key>
			<string>NailApp_Refactoring-Bridging-Header.h</string>
			<key>sourceTree</key>
			<string>&lt;group&gt;</string>
		</dict>
		<key>94D809A51CD454C60068A98B</key>
		<dict>
			<key>children</key>
			<array>
				<string>94D809B01CD459AE0068A98B</string>
				<string>94D809B21CD459C70068A98B</string>
				<string>94D809BE1CD4690C0068A98B</string>
				<string>94D809C01CD469210068A98B</string>
				<string>94D809C41CD479810068A98B</string>
				<string>94D809C51CD479810068A98B</string>
				<string>94B6F34A1CD5CE2F004FC477</string>
				<string>94B6F34C1CD5CE3E004FC477</string>
				<string>94B6F34E1CD60478004FC477</string>
				<string>94B6F35E1CD64FBD004FC477</string>
				<string>94B6F3601CD64FC8004FC477</string>
				<string>94B6F3641CD6F181004FC477</string>
				<string>94B6F3661CD6F18C004FC477</string>
				<string>94B6F36E1CD6FA00004FC477</string>
				<string>94B6F3701CD6FA0C004FC477</string>
				<string>94B6F3761CD72A09004FC477</string>
				<string>94B6F3781CD72A1B004FC477</string>
				<string>947D16B51D04850D00693EBA</string>
				<string>946F782E1D0CE8CE00FAD963</string>
				<string>946F78301D0CE90700FAD963</string>
				<string>946F78321D0CEB5E00FAD963</string>
			</array>
			<key>isa</key>
			<string>PBXGroup</string>
			<key>name</key>
			<string>View</string>
			<key>sourceTree</key>
			<string>&lt;group&gt;</string>
		</dict>
		<key>94D809A61CD454CD0068A98B</key>
		<dict>
			<key>children</key>
			<array>
				<string>94D809B61CD45D450068A98B</string>
				<string>94D809B81CD45E2C0068A98B</string>
				<string>94D809BC1CD463AD0068A98B</string>
				<string>94B6F3501CD60BBF004FC477</string>
				<string>94B6F3521CD61969004FC477</string>
				<string>94B6F35A1CD63937004FC477</string>
				<string>94B6F3681CD6F23B004FC477</string>
				<string>94B6F36A1CD6F67A004FC477</string>
				<string>94B6F3721CD729E5004FC477</string>
				<string>94F0730C1CD9DF0900E0B7C8</string>
				<string>9452D9691CDEC89400055351</string>
				<string>9452D9711CDECE7F00055351</string>
				<string>94EE27881CF4981A00FC499B</string>
			</array>
			<key>isa</key>
			<string>PBXGroup</string>
			<key>name</key>
			<string>Controller</string>
			<key>sourceTree</key>
			<string>&lt;group&gt;</string>
		</dict>
		<key>94D809A71CD454D60068A98B</key>
		<dict>
			<key>children</key>
			<array>
				<string>94D809C21CD478840068A98B</string>
				<string>94D809CA1CD4AF990068A98B</string>
				<string>94D809CC1CD4AFAB0068A98B</string>
				<string>94D809CE1CD4AFC30068A98B</string>
				<string>94D809D01CD4B2160068A98B</string>
				<string>94B6F3541CD61BE2004FC477</string>
				<string>94B6F3561CD61C27004FC477</string>
				<string>94B6F35C1CD64A37004FC477</string>
				<string>94B6F3621CD65346004FC477</string>
				<string>94B6F36C1CD6F68C004FC477</string>
				<string>94B6F37A1CD7325B004FC477</string>
				<string>9408CA911CD8F960002DE2E2</string>
				<string>94F0730A1CD9D21E00E0B7C8</string>
				<string>9461C0C31CE2090000F07837</string>
				<string>94F0730E1CD9E03400E0B7C8</string>
				<string>9442C96B1CDAAE9200AB8B87</string>
				<string>94EE27841CF16F6200FC499B</string>
				<string>94EE27861CF1EBB800FC499B</string>
			</array>
			<key>isa</key>
			<string>PBXGroup</string>
			<key>name</key>
			<string>Model</string>
			<key>sourceTree</key>
			<string>&lt;group&gt;</string>
		</dict>
		<key>94D809A81CD455050068A98B</key>
		<dict>
			<key>children</key>
			<array>
				<string>94F073121CD9FDC400E0B7C8</string>
				<string>94F073101CD9FD4200E0B7C8</string>
				<string>94D809C81CD488860068A98B</string>
			</array>
			<key>isa</key>
			<string>PBXGroup</string>
			<key>name</key>
			<string>resources</string>
			<key>sourceTree</key>
			<string>&lt;group&gt;</string>
		</dict>
		<key>94D809A91CD455150068A98B</key>
		<dict>
			<key>children</key>
			<array>
				<string>94D809D21CD4B4CD0068A98B</string>
				<string>94D809921CD4519B0068A98B</string>
				<string>94D809A51CD454C60068A98B</string>
				<string>94D809A61CD454CD0068A98B</string>
				<string>94D809A71CD454D60068A98B</string>
			</array>
			<key>isa</key>
			<string>PBXGroup</string>
			<key>name</key>
			<string>src</string>
			<key>sourceTree</key>
			<string>&lt;group&gt;</string>
		</dict>
		<key>94D809B01CD459AE0068A98B</key>
		<dict>
			<key>fileEncoding</key>
			<string>4</string>
			<key>isa</key>
			<string>PBXFileReference</string>
			<key>lastKnownFileType</key>
			<string>sourcecode.swift</string>
			<key>path</key>
			<string>CollectionView.swift</string>
			<key>sourceTree</key>
			<string>&lt;group&gt;</string>
		</dict>
		<key>94D809B11CD459AE0068A98B</key>
		<dict>
			<key>fileRef</key>
			<string>94D809B01CD459AE0068A98B</string>
			<key>isa</key>
			<string>PBXBuildFile</string>
		</dict>
		<key>94D809B21CD459C70068A98B</key>
		<dict>
			<key>fileEncoding</key>
			<string>4</string>
			<key>isa</key>
			<string>PBXFileReference</string>
			<key>lastKnownFileType</key>
			<string>file.xib</string>
			<key>path</key>
			<string>CollectionView.xib</string>
			<key>sourceTree</key>
			<string>&lt;group&gt;</string>
		</dict>
		<key>94D809B31CD459C70068A98B</key>
		<dict>
			<key>fileRef</key>
			<string>94D809B21CD459C70068A98B</string>
			<key>isa</key>
			<string>PBXBuildFile</string>
		</dict>
		<key>94D809B61CD45D450068A98B</key>
		<dict>
			<key>fileEncoding</key>
			<string>4</string>
			<key>isa</key>
			<string>PBXFileReference</string>
			<key>lastKnownFileType</key>
			<string>sourcecode.swift</string>
			<key>path</key>
			<string>HomeTabVC.swift</string>
			<key>sourceTree</key>
			<string>&lt;group&gt;</string>
		</dict>
		<key>94D809B71CD45D450068A98B</key>
		<dict>
			<key>fileRef</key>
			<string>94D809B61CD45D450068A98B</string>
			<key>isa</key>
			<string>PBXBuildFile</string>
		</dict>
		<key>94D809B81CD45E2C0068A98B</key>
		<dict>
			<key>fileEncoding</key>
			<string>4</string>
			<key>isa</key>
			<string>PBXFileReference</string>
			<key>lastKnownFileType</key>
			<string>sourcecode.swift</string>
			<key>path</key>
			<string>SwipeVC.swift</string>
			<key>sourceTree</key>
			<string>&lt;group&gt;</string>
		</dict>
		<key>94D809B91CD45E2C0068A98B</key>
		<dict>
			<key>fileRef</key>
			<string>94D809B81CD45E2C0068A98B</string>
			<key>isa</key>
			<string>PBXBuildFile</string>
		</dict>
		<key>94D809BC1CD463AD0068A98B</key>
		<dict>
			<key>fileEncoding</key>
			<string>4</string>
			<key>isa</key>
			<string>PBXFileReference</string>
			<key>lastKnownFileType</key>
			<string>sourcecode.swift</string>
			<key>path</key>
			<string>CollectionVC.swift</string>
			<key>sourceTree</key>
			<string>&lt;group&gt;</string>
		</dict>
		<key>94D809BD1CD463AD0068A98B</key>
		<dict>
			<key>fileRef</key>
			<string>94D809BC1CD463AD0068A98B</string>
			<key>isa</key>
			<string>PBXBuildFile</string>
		</dict>
		<key>94D809BE1CD4690C0068A98B</key>
		<dict>
			<key>fileEncoding</key>
			<string>4</string>
			<key>isa</key>
			<string>PBXFileReference</string>
			<key>lastKnownFileType</key>
			<string>sourcecode.swift</string>
			<key>path</key>
			<string>CustomView.swift</string>
			<key>sourceTree</key>
			<string>&lt;group&gt;</string>
		</dict>
		<key>94D809BF1CD4690C0068A98B</key>
		<dict>
			<key>fileRef</key>
			<string>94D809BE1CD4690C0068A98B</string>
			<key>isa</key>
			<string>PBXBuildFile</string>
		</dict>
		<key>94D809C01CD469210068A98B</key>
		<dict>
			<key>fileEncoding</key>
			<string>4</string>
			<key>isa</key>
			<string>PBXFileReference</string>
			<key>lastKnownFileType</key>
			<string>file.xib</string>
			<key>path</key>
			<string>CustomView.xib</string>
			<key>sourceTree</key>
			<string>&lt;group&gt;</string>
		</dict>
		<key>94D809C11CD469210068A98B</key>
		<dict>
			<key>fileRef</key>
			<string>94D809C01CD469210068A98B</string>
			<key>isa</key>
			<string>PBXBuildFile</string>
		</dict>
		<key>94D809C21CD478840068A98B</key>
		<dict>
			<key>fileEncoding</key>
			<string>4</string>
			<key>isa</key>
			<string>PBXFileReference</string>
			<key>lastKnownFileType</key>
			<string>sourcecode.swift</string>
			<key>path</key>
			<string>CollectionVM.swift</string>
			<key>sourceTree</key>
			<string>&lt;group&gt;</string>
		</dict>
		<key>94D809C31CD478840068A98B</key>
		<dict>
			<key>fileRef</key>
			<string>94D809C21CD478840068A98B</string>
			<key>isa</key>
			<string>PBXBuildFile</string>
		</dict>
		<key>94D809C41CD479810068A98B</key>
		<dict>
			<key>fileEncoding</key>
			<string>4</string>
			<key>isa</key>
			<string>PBXFileReference</string>
			<key>lastKnownFileType</key>
			<string>sourcecode.swift</string>
			<key>path</key>
			<string>CollectionViewCell.swift</string>
			<key>sourceTree</key>
			<string>&lt;group&gt;</string>
		</dict>
		<key>94D809C51CD479810068A98B</key>
		<dict>
			<key>fileEncoding</key>
			<string>4</string>
			<key>isa</key>
			<string>PBXFileReference</string>
			<key>lastKnownFileType</key>
			<string>file.xib</string>
			<key>path</key>
			<string>CollectionViewCell.xib</string>
			<key>sourceTree</key>
			<string>&lt;group&gt;</string>
		</dict>
		<key>94D809C61CD479810068A98B</key>
		<dict>
			<key>fileRef</key>
			<string>94D809C41CD479810068A98B</string>
			<key>isa</key>
			<string>PBXBuildFile</string>
		</dict>
		<key>94D809C71CD479810068A98B</key>
		<dict>
			<key>fileRef</key>
			<string>94D809C51CD479810068A98B</string>
			<key>isa</key>
			<string>PBXBuildFile</string>
		</dict>
		<key>94D809C81CD488860068A98B</key>
		<dict>
			<key>isa</key>
			<string>PBXFileReference</string>
			<key>lastKnownFileType</key>
			<string>image.png</string>
			<key>name</key>
			<string>transparent.png</string>
			<key>path</key>
			<string>../../../Library/Mobile Documents/com~apple~CloudDocs/transparent.png</string>
			<key>sourceTree</key>
			<string>&lt;group&gt;</string>
		</dict>
		<key>94D809C91CD488860068A98B</key>
		<dict>
			<key>fileRef</key>
			<string>94D809C81CD488860068A98B</string>
			<key>isa</key>
			<string>PBXBuildFile</string>
		</dict>
		<key>94D809CA1CD4AF990068A98B</key>
		<dict>
			<key>fileEncoding</key>
			<string>4</string>
			<key>isa</key>
			<string>PBXFileReference</string>
			<key>lastKnownFileType</key>
			<string>sourcecode.swift</string>
			<key>path</key>
			<string>CollectionNewVM.swift</string>
			<key>sourceTree</key>
			<string>&lt;group&gt;</string>
		</dict>
		<key>94D809CB1CD4AF990068A98B</key>
		<dict>
			<key>fileRef</key>
			<string>94D809CA1CD4AF990068A98B</string>
			<key>isa</key>
			<string>PBXBuildFile</string>
		</dict>
		<key>94D809CC1CD4AFAB0068A98B</key>
		<dict>
			<key>fileEncoding</key>
			<string>4</string>
			<key>isa</key>
			<string>PBXFileReference</string>
			<key>lastKnownFileType</key>
			<string>sourcecode.swift</string>
			<key>path</key>
			<string>CollectionPopularVM.swift</string>
			<key>sourceTree</key>
			<string>&lt;group&gt;</string>
		</dict>
		<key>94D809CD1CD4AFAB0068A98B</key>
		<dict>
			<key>fileRef</key>
			<string>94D809CC1CD4AFAB0068A98B</string>
			<key>isa</key>
			<string>PBXBuildFile</string>
		</dict>
		<key>94D809CE1CD4AFC30068A98B</key>
		<dict>
			<key>fileEncoding</key>
			<string>4</string>
			<key>isa</key>
			<string>PBXFileReference</string>
			<key>lastKnownFileType</key>
			<string>sourcecode.swift</string>
			<key>path</key>
			<string>CollectionBaseVM.swift</string>
			<key>sourceTree</key>
			<string>&lt;group&gt;</string>
		</dict>
		<key>94D809CF1CD4AFC30068A98B</key>
		<dict>
			<key>fileRef</key>
			<string>94D809CE1CD4AFC30068A98B</string>
			<key>isa</key>
			<string>PBXBuildFile</string>
		</dict>
		<key>94D809D01CD4B2160068A98B</key>
		<dict>
			<key>fileEncoding</key>
			<string>4</string>
			<key>isa</key>
			<string>PBXFileReference</string>
			<key>lastKnownFileType</key>
			<string>sourcecode.swift</string>
			<key>path</key>
			<string>CollectionProtocol.swift</string>
			<key>sourceTree</key>
			<string>&lt;group&gt;</string>
		</dict>
		<key>94D809D11CD4B2160068A98B</key>
		<dict>
			<key>fileRef</key>
			<string>94D809D01CD4B2160068A98B</string>
			<key>isa</key>
			<string>PBXBuildFile</string>
		</dict>
		<key>94D809D21CD4B4CD0068A98B</key>
		<dict>
			<key>children</key>
			<array>
				<string>94D809D31CD4B5000068A98B</string>
				<string>94B6F3581CD62E7F004FC477</string>
			</array>
			<key>isa</key>
			<string>PBXGroup</string>
			<key>name</key>
			<string>Common</string>
			<key>sourceTree</key>
			<string>&lt;group&gt;</string>
		</dict>
		<key>94D809D31CD4B5000068A98B</key>
		<dict>
			<key>fileEncoding</key>
			<string>4</string>
			<key>isa</key>
			<string>PBXFileReference</string>
			<key>lastKnownFileType</key>
			<string>sourcecode.swift</string>
			<key>path</key>
			<string>CollectionFactory.swift</string>
			<key>sourceTree</key>
			<string>&lt;group&gt;</string>
		</dict>
		<key>94D809D41CD4B5000068A98B</key>
		<dict>
			<key>fileRef</key>
			<string>94D809D31CD4B5000068A98B</string>
			<key>isa</key>
			<string>PBXBuildFile</string>
		</dict>
		<key>94EE27841CF16F6200FC499B</key>
		<dict>
			<key>fileEncoding</key>
			<string>4</string>
			<key>isa</key>
			<string>PBXFileReference</string>
			<key>lastKnownFileType</key>
			<string>sourcecode.swift</string>
			<key>path</key>
			<string>DetailUserProfileVM.swift</string>
			<key>sourceTree</key>
			<string>&lt;group&gt;</string>
		</dict>
		<key>94EE27851CF16F6200FC499B</key>
		<dict>
			<key>fileRef</key>
			<string>94EE27841CF16F6200FC499B</string>
			<key>isa</key>
			<string>PBXBuildFile</string>
		</dict>
		<key>94EE27861CF1EBB800FC499B</key>
		<dict>
			<key>fileEncoding</key>
			<string>4</string>
			<key>isa</key>
			<string>PBXFileReference</string>
			<key>lastKnownFileType</key>
			<string>sourcecode.swift</string>
			<key>path</key>
			<string>CollectionMineVM.swift</string>
			<key>sourceTree</key>
			<string>&lt;group&gt;</string>
		</dict>
		<key>94EE27871CF1EBB800FC499B</key>
		<dict>
			<key>fileRef</key>
			<string>94EE27861CF1EBB800FC499B</string>
			<key>isa</key>
			<string>PBXBuildFile</string>
		</dict>
		<key>94EE27881CF4981A00FC499B</key>
		<dict>
			<key>fileEncoding</key>
			<string>4</string>
			<key>isa</key>
			<string>PBXFileReference</string>
			<key>lastKnownFileType</key>
			<string>sourcecode.swift</string>
			<key>path</key>
			<string>CollectionEditVC.swift</string>
			<key>sourceTree</key>
			<string>&lt;group&gt;</string>
		</dict>
		<key>94EE27891CF4981A00FC499B</key>
		<dict>
			<key>fileRef</key>
			<string>94EE27881CF4981A00FC499B</string>
			<key>isa</key>
			<string>PBXBuildFile</string>
		</dict>
		<key>94F0730A1CD9D21E00E0B7C8</key>
		<dict>
			<key>fileEncoding</key>
			<string>4</string>
			<key>isa</key>
			<string>PBXFileReference</string>
			<key>lastKnownFileType</key>
			<string>sourcecode.swift</string>
			<key>path</key>
			<string>EditProfileVM.swift</string>
			<key>sourceTree</key>
			<string>&lt;group&gt;</string>
		</dict>
		<key>94F0730B1CD9D21E00E0B7C8</key>
		<dict>
			<key>fileRef</key>
			<string>94F0730A1CD9D21E00E0B7C8</string>
			<key>isa</key>
			<string>PBXBuildFile</string>
		</dict>
		<key>94F0730C1CD9DF0900E0B7C8</key>
		<dict>
			<key>fileEncoding</key>
			<string>4</string>
			<key>isa</key>
			<string>PBXFileReference</string>
			<key>lastKnownFileType</key>
			<string>sourcecode.swift</string>
			<key>path</key>
			<string>UploadImageVC.swift</string>
			<key>sourceTree</key>
			<string>&lt;group&gt;</string>
		</dict>
		<key>94F0730D1CD9DF0900E0B7C8</key>
		<dict>
			<key>fileRef</key>
			<string>94F0730C1CD9DF0900E0B7C8</string>
			<key>isa</key>
			<string>PBXBuildFile</string>
		</dict>
		<key>94F0730E1CD9E03400E0B7C8</key>
		<dict>
			<key>fileEncoding</key>
			<string>4</string>
			<key>isa</key>
			<string>PBXFileReference</string>
			<key>lastKnownFileType</key>
			<string>sourcecode.swift</string>
			<key>path</key>
			<string>UploadImageVM.swift</string>
			<key>sourceTree</key>
			<string>&lt;group&gt;</string>
		</dict>
		<key>94F0730F1CD9E03400E0B7C8</key>
		<dict>
			<key>fileRef</key>
			<string>94F0730E1CD9E03400E0B7C8</string>
			<key>isa</key>
			<string>PBXBuildFile</string>
		</dict>
		<key>94F073101CD9FD4200E0B7C8</key>
		<dict>
			<key>isa</key>
			<string>PBXFileReference</string>
			<key>lastKnownFileType</key>
			<string>image.png</string>
			<key>name</key>
			<string>heart_like.png</string>
			<key>path</key>
			<string>../../NailApp_NoUseNifty/NailApp/Assets.xcassets/heart_like.imageset/heart_like.png</string>
			<key>sourceTree</key>
			<string>&lt;group&gt;</string>
		</dict>
		<key>94F073111CD9FD4200E0B7C8</key>
		<dict>
			<key>fileRef</key>
			<string>94F073101CD9FD4200E0B7C8</string>
			<key>isa</key>
			<string>PBXBuildFile</string>
		</dict>
		<key>94F073121CD9FDC400E0B7C8</key>
		<dict>
			<key>isa</key>
			<string>PBXFileReference</string>
			<key>lastKnownFileType</key>
			<string>image.png</string>
			<key>name</key>
			<string>heart_unlike.png</string>
			<key>path</key>
			<string>../../NailApp_NoUseNifty/NailApp/Assets.xcassets/heart_unlike.imageset/heart_unlike.png</string>
			<key>sourceTree</key>
			<string>&lt;group&gt;</string>
		</dict>
		<key>94F073131CD9FDC400E0B7C8</key>
		<dict>
			<key>fileRef</key>
			<string>94F073121CD9FDC400E0B7C8</string>
			<key>isa</key>
			<string>PBXBuildFile</string>
		</dict>
		<key>DF114FDB420E8A1FC8C1857A</key>
		<dict>
			<key>buildActionMask</key>
			<string>2147483647</string>
			<key>files</key>
			<array/>
			<key>inputPaths</key>
			<array/>
			<key>isa</key>
			<string>PBXShellScriptBuildPhase</string>
			<key>name</key>
			<string>Embed Pods Frameworks</string>
			<key>outputPaths</key>
			<array/>
			<key>runOnlyForDeploymentPostprocessing</key>
			<string>0</string>
			<key>shellPath</key>
			<string>/bin/sh</string>
			<key>shellScript</key>
			<string>"${SRCROOT}/Pods/Target Support Files/Pods-NailApp_Refactoring/Pods-NailApp_Refactoring-frameworks.sh"
</string>
			<key>showEnvVarsInLog</key>
			<string>0</string>
		</dict>
		<key>EF7E8A6D03F4C2BB45CAD97C</key>
		<dict>
			<key>buildActionMask</key>
			<string>2147483647</string>
			<key>files</key>
			<array/>
			<key>inputPaths</key>
			<array/>
			<key>isa</key>
			<string>PBXShellScriptBuildPhase</string>
			<key>name</key>
			<string>Check Pods Manifest.lock</string>
			<key>outputPaths</key>
			<array/>
			<key>runOnlyForDeploymentPostprocessing</key>
			<string>0</string>
			<key>shellPath</key>
			<string>/bin/sh</string>
			<key>shellScript</key>
			<string>diff "${PODS_ROOT}/../Podfile.lock" "${PODS_ROOT}/Manifest.lock" &gt; /dev/null
if [[ $? != 0 ]] ; then
    cat &lt;&lt; EOM
error: The sandbox is not in sync with the Podfile.lock. Run 'pod install' or update your CocoaPods installation.
EOM
    exit 1
fi
</string>
			<key>showEnvVarsInLog</key>
			<string>0</string>
		</dict>
		<key>F10A37B4CC7062F799DF9FE5</key>
		<dict>
			<key>children</key>
			<array>
				<string>0420DDE9E2DA70C21D11DF88</string>
				<string>4ED6C900A146CBA46721D865</string>
			</array>
			<key>isa</key>
			<string>PBXGroup</string>
			<key>name</key>
			<string>Pods</string>
			<key>sourceTree</key>
			<string>&lt;group&gt;</string>
		</dict>
	</dict>
	<key>rootObject</key>
	<string>94D809871CD4519B0068A98B</string>
</dict>
</plist>
